
Microsoft Visual Studio Solution File, Format Version 12.00
# Visual Studio Version 17
VisualStudioVersion = 17.8.34309.116
MinimumVisualStudioVersion = 10.0.40219.1
Project("{FAE04EC0-301F-11D3-BF4B-00C04F79EFBC}") = "BottomTabbedPageTest", "BottomTabbedPageTest\BottomTabbedPageTest.csproj", "{17B8FDB9-CCED-4449-A208-6155C515292B}"
EndProject
Global
	GlobalSection(SolutionConfigurationPlatforms) = preSolution
		Debug|Any CPU = Debug|Any CPU
		Release|Any CPU = Release|Any CPU
	EndGlobalSection
	GlobalSection(ProjectConfigurationPlatforms) = postSolution
		{17B8FDB9-CCED-4449-A208-6155C515292B}.Debug|Any CPU.ActiveCfg = Debug|Any CPU
		{17B8FDB9-CCED-4449-A208-6155C515292B}.Debug|Any CPU.Build.0 = Debug|Any CPU
		{17B8FDB9-CCED-4449-A208-6155C515292B}.Debug|Any CPU.Deploy.0 = Debug|Any CPU
		{17B8FDB9-CCED-4449-A208-6155C515292B}.Release|Any CPU.ActiveCfg = Release|Any CPU
		{17B8FDB9-CCED-4449-A208-6155C515292B}.Release|Any CPU.Build.0 = Release|Any CPU
		{17B8FDB9-CCED-4449-A208-6155C515292B}.Release|Any CPU.Deploy.0 = Release|Any CPU
	EndGlobalSection
	GlobalSection(SolutionProperties) = preSolution
		HideSolutionNode = FALSE
	EndGlobalSection
	GlobalSection(ExtensibilityGlobals) = postSolution
		SolutionGuid = {BA0B9DF7-5162-44D5-866D-4B8E8F555D55}
	EndGlobalSection
EndGlobal
